
Microsoft Visual Studio Solution File, Format Version 12.00
# Visual Studio 15
VisualStudioVersion = 15.0.28010.2003
MinimumVisualStudioVersion = 10.0.40219.1
Project("{FAE04EC0-301F-11D3-BF4B-00C04F79EFBC}") = "AsC.Android", "AsC\AsC.Android\AsC.Android.csproj", "{8B7E1AE9-BF56-4FCA-AD06-576A1BC1A70A}"
EndProject
Project("{FAE04EC0-301F-11D3-BF4B-00C04F79EFBC}") = "AsC.iOS", "AsC\AsC.iOS\AsC.iOS.csproj", "{D9FD7E80-A68B-487E-9BFD-ED361AAA6F86}"
EndProject
Project("{FAE04EC0-301F-11D3-BF4B-00C04F79EFBC}") = "AsC.UWP", "AsC\AsC.UWP\AsC.UWP.csproj", "{0E37A0A5-2521-4D7E-A22D-E66E08CA0F1D}"
EndProject
Project("{9A19103F-16F7-4668-BE54-9A1E7A4F7556}") = "AsC", "AsC\AsC\AsC.csproj", "{5CC76A0E-90CF-4F0E-A0F2-A99C294E4F3A}"
EndProject
Project("{2150E333-8FDC-42A3-9474-1A3956D46DE8}") = "Tests", "Tests", "{D0090CD1-BB53-4CD4-AC96-73A43D760ACF}"
EndProject
Project("{FAE04EC0-301F-11D3-BF4B-00C04F79EFBC}") = "UnitTestProject1", "UnitTestProject1\UnitTestProject1.csproj", "{4DA8FFAE-F15F-4570-A5C7-7DC9CE48539D}"
EndProject
Global
	GlobalSection(SolutionConfigurationPlatforms) = preSolution
		Ad-Hoc|Any CPU = Ad-Hoc|Any CPU
		Ad-Hoc|ARM = Ad-Hoc|ARM
		Ad-Hoc|iPhone = Ad-Hoc|iPhone
		Ad-Hoc|iPhoneSimulator = Ad-Hoc|iPhoneSimulator
		Ad-Hoc|x64 = Ad-Hoc|x64
		Ad-Hoc|x86 = Ad-Hoc|x86
		AppStore|Any CPU = AppStore|Any CPU
		AppStore|ARM = AppStore|ARM
		AppStore|iPhone = AppStore|iPhone
		AppStore|iPhoneSimulator = AppStore|iPhoneSimulator
		AppStore|x64 = AppStore|x64
		AppStore|x86 = AppStore|x86
		Debug|Any CPU = Debug|Any CPU
		Debug|ARM = Debug|ARM
		Debug|iPhone = Debug|iPhone
		Debug|iPhoneSimulator = Debug|iPhoneSimulator
		Debug|x64 = Debug|x64
		Debug|x86 = Debug|x86
		Release|Any CPU = Release|Any CPU
		Release|ARM = Release|ARM
		Release|iPhone = Release|iPhone
		Release|iPhoneSimulator = Release|iPhoneSimulator
		Release|x64 = Release|x64
		Release|x86 = Release|x86
	EndGlobalSection
	GlobalSection(ProjectConfigurationPlatforms) = postSolution
		{8B7E1AE9-BF56-4FCA-AD06-576A1BC1A70A}.Ad-Hoc|Any CPU.ActiveCfg = Release|Any CPU
		{8B7E1AE9-BF56-4FCA-AD06-576A1BC1A70A}.Ad-Hoc|Any CPU.Build.0 = Release|Any CPU
		{8B7E1AE9-BF56-4FCA-AD06-576A1BC1A70A}.Ad-Hoc|Any CPU.Deploy.0 = Release|Any CPU
		{8B7E1AE9-BF56-4FCA-AD06-576A1BC1A70A}.Ad-Hoc|ARM.ActiveCfg = Release|Any CPU
		{8B7E1AE9-BF56-4FCA-AD06-576A1BC1A70A}.Ad-Hoc|ARM.Build.0 = Release|Any CPU
		{8B7E1AE9-BF56-4FCA-AD06-576A1BC1A70A}.Ad-Hoc|ARM.Deploy.0 = Release|Any CPU
		{8B7E1AE9-BF56-4FCA-AD06-576A1BC1A70A}.Ad-Hoc|iPhone.ActiveCfg = Release|Any CPU
		{8B7E1AE9-BF56-4FCA-AD06-576A1BC1A70A}.Ad-Hoc|iPhone.Build.0 = Release|Any CPU
		{8B7E1AE9-BF56-4FCA-AD06-576A1BC1A70A}.Ad-Hoc|iPhone.Deploy.0 = Release|Any CPU
		{8B7E1AE9-BF56-4FCA-AD06-576A1BC1A70A}.Ad-Hoc|iPhoneSimulator.ActiveCfg = Release|Any CPU
		{8B7E1AE9-BF56-4FCA-AD06-576A1BC1A70A}.Ad-Hoc|iPhoneSimulator.Build.0 = Release|Any CPU
		{8B7E1AE9-BF56-4FCA-AD06-576A1BC1A70A}.Ad-Hoc|iPhoneSimulator.Deploy.0 = Release|Any CPU
		{8B7E1AE9-BF56-4FCA-AD06-576A1BC1A70A}.Ad-Hoc|x64.ActiveCfg = Release|Any CPU
		{8B7E1AE9-BF56-4FCA-AD06-576A1BC1A70A}.Ad-Hoc|x64.Build.0 = Release|Any CPU
		{8B7E1AE9-BF56-4FCA-AD06-576A1BC1A70A}.Ad-Hoc|x64.Deploy.0 = Release|Any CPU
		{8B7E1AE9-BF56-4FCA-AD06-576A1BC1A70A}.Ad-Hoc|x86.ActiveCfg = Release|Any CPU
		{8B7E1AE9-BF56-4FCA-AD06-576A1BC1A70A}.Ad-Hoc|x86.Build.0 = Release|Any CPU
		{8B7E1AE9-BF56-4FCA-AD06-576A1BC1A70A}.Ad-Hoc|x86.Deploy.0 = Release|Any CPU
		{8B7E1AE9-BF56-4FCA-AD06-576A1BC1A70A}.AppStore|Any CPU.ActiveCfg = Release|Any CPU
		{8B7E1AE9-BF56-4FCA-AD06-576A1BC1A70A}.AppStore|Any CPU.Build.0 = Release|Any CPU
		{8B7E1AE9-BF56-4FCA-AD06-576A1BC1A70A}.AppStore|Any CPU.Deploy.0 = Release|Any CPU
		{8B7E1AE9-BF56-4FCA-AD06-576A1BC1A70A}.AppStore|ARM.ActiveCfg = Release|Any CPU
		{8B7E1AE9-BF56-4FCA-AD06-576A1BC1A70A}.AppStore|ARM.Build.0 = Release|Any CPU
		{8B7E1AE9-BF56-4FCA-AD06-576A1BC1A70A}.AppStore|ARM.Deploy.0 = Release|Any CPU
		{8B7E1AE9-BF56-4FCA-AD06-576A1BC1A70A}.AppStore|iPhone.ActiveCfg = Release|Any CPU
		{8B7E1AE9-BF56-4FCA-AD06-576A1BC1A70A}.AppStore|iPhone.Build.0 = Release|Any CPU
		{8B7E1AE9-BF56-4FCA-AD06-576A1BC1A70A}.AppStore|iPhone.Deploy.0 = Release|Any CPU
		{8B7E1AE9-BF56-4FCA-AD06-576A1BC1A70A}.AppStore|iPhoneSimulator.ActiveCfg = Release|Any CPU
		{8B7E1AE9-BF56-4FCA-AD06-576A1BC1A70A}.AppStore|iPhoneSimulator.Build.0 = Release|Any CPU
		{8B7E1AE9-BF56-4FCA-AD06-576A1BC1A70A}.AppStore|iPhoneSimulator.Deploy.0 = Release|Any CPU
		{8B7E1AE9-BF56-4FCA-AD06-576A1BC1A70A}.AppStore|x64.ActiveCfg = Release|Any CPU
		{8B7E1AE9-BF56-4FCA-AD06-576A1BC1A70A}.AppStore|x64.Build.0 = Release|Any CPU
		{8B7E1AE9-BF56-4FCA-AD06-576A1BC1A70A}.AppStore|x64.Deploy.0 = Release|Any CPU
		{8B7E1AE9-BF56-4FCA-AD06-576A1BC1A70A}.AppStore|x86.ActiveCfg = Release|Any CPU
		{8B7E1AE9-BF56-4FCA-AD06-576A1BC1A70A}.AppStore|x86.Build.0 = Release|Any CPU
		{8B7E1AE9-BF56-4FCA-AD06-576A1BC1A70A}.AppStore|x86.Deploy.0 = Release|Any CPU
		{8B7E1AE9-BF56-4FCA-AD06-576A1BC1A70A}.Debug|Any CPU.ActiveCfg = Debug|Any CPU
		{8B7E1AE9-BF56-4FCA-AD06-576A1BC1A70A}.Debug|Any CPU.Build.0 = Debug|Any CPU
		{8B7E1AE9-BF56-4FCA-AD06-576A1BC1A70A}.Debug|Any CPU.Deploy.0 = Debug|Any CPU
		{8B7E1AE9-BF56-4FCA-AD06-576A1BC1A70A}.Debug|ARM.ActiveCfg = Debug|Any CPU
		{8B7E1AE9-BF56-4FCA-AD06-576A1BC1A70A}.Debug|ARM.Build.0 = Debug|Any CPU
		{8B7E1AE9-BF56-4FCA-AD06-576A1BC1A70A}.Debug|ARM.Deploy.0 = Debug|Any CPU
		{8B7E1AE9-BF56-4FCA-AD06-576A1BC1A70A}.Debug|iPhone.ActiveCfg = Debug|Any CPU
		{8B7E1AE9-BF56-4FCA-AD06-576A1BC1A70A}.Debug|iPhone.Build.0 = Debug|Any CPU
		{8B7E1AE9-BF56-4FCA-AD06-576A1BC1A70A}.Debug|iPhone.Deploy.0 = Debug|Any CPU
		{8B7E1AE9-BF56-4FCA-AD06-576A1BC1A70A}.Debug|iPhoneSimulator.ActiveCfg = Debug|Any CPU
		{8B7E1AE9-BF56-4FCA-AD06-576A1BC1A70A}.Debug|iPhoneSimulator.Build.0 = Debug|Any CPU
		{8B7E1AE9-BF56-4FCA-AD06-576A1BC1A70A}.Debug|iPhoneSimulator.Deploy.0 = Debug|Any CPU
		{8B7E1AE9-BF56-4FCA-AD06-576A1BC1A70A}.Debug|x64.ActiveCfg = Debug|Any CPU
		{8B7E1AE9-BF56-4FCA-AD06-576A1BC1A70A}.Debug|x64.Build.0 = Debug|Any CPU
		{8B7E1AE9-BF56-4FCA-AD06-576A1BC1A70A}.Debug|x64.Deploy.0 = Debug|Any CPU
		{8B7E1AE9-BF56-4FCA-AD06-576A1BC1A70A}.Debug|x86.ActiveCfg = Debug|Any CPU
		{8B7E1AE9-BF56-4FCA-AD06-576A1BC1A70A}.Debug|x86.Build.0 = Debug|Any CPU
		{8B7E1AE9-BF56-4FCA-AD06-576A1BC1A70A}.Debug|x86.Deploy.0 = Debug|Any CPU
		{8B7E1AE9-BF56-4FCA-AD06-576A1BC1A70A}.Release|Any CPU.ActiveCfg = Release|Any CPU
		{8B7E1AE9-BF56-4FCA-AD06-576A1BC1A70A}.Release|Any CPU.Build.0 = Release|Any CPU
		{8B7E1AE9-BF56-4FCA-AD06-576A1BC1A70A}.Release|Any CPU.Deploy.0 = Release|Any CPU
		{8B7E1AE9-BF56-4FCA-AD06-576A1BC1A70A}.Release|ARM.ActiveCfg = Release|Any CPU
		{8B7E1AE9-BF56-4FCA-AD06-576A1BC1A70A}.Release|ARM.Build.0 = Release|Any CPU
		{8B7E1AE9-BF56-4FCA-AD06-576A1BC1A70A}.Release|ARM.Deploy.0 = Release|Any CPU
		{8B7E1AE9-BF56-4FCA-AD06-576A1BC1A70A}.Release|iPhone.ActiveCfg = Release|Any CPU
		{8B7E1AE9-BF56-4FCA-AD06-576A1BC1A70A}.Release|iPhone.Build.0 = Release|Any CPU
		{8B7E1AE9-BF56-4FCA-AD06-576A1BC1A70A}.Release|iPhone.Deploy.0 = Release|Any CPU
		{8B7E1AE9-BF56-4FCA-AD06-576A1BC1A70A}.Release|iPhoneSimulator.ActiveCfg = Release|Any CPU
		{8B7E1AE9-BF56-4FCA-AD06-576A1BC1A70A}.Release|iPhoneSimulator.Build.0 = Release|Any CPU
		{8B7E1AE9-BF56-4FCA-AD06-576A1BC1A70A}.Release|iPhoneSimulator.Deploy.0 = Release|Any CPU
		{8B7E1AE9-BF56-4FCA-AD06-576A1BC1A70A}.Release|x64.ActiveCfg = Release|Any CPU
		{8B7E1AE9-BF56-4FCA-AD06-576A1BC1A70A}.Release|x64.Build.0 = Release|Any CPU
		{8B7E1AE9-BF56-4FCA-AD06-576A1BC1A70A}.Release|x64.Deploy.0 = Release|Any CPU
		{8B7E1AE9-BF56-4FCA-AD06-576A1BC1A70A}.Release|x86.ActiveCfg = Release|Any CPU
		{8B7E1AE9-BF56-4FCA-AD06-576A1BC1A70A}.Release|x86.Build.0 = Release|Any CPU
		{8B7E1AE9-BF56-4FCA-AD06-576A1BC1A70A}.Release|x86.Deploy.0 = Release|Any CPU
		{D9FD7E80-A68B-487E-9BFD-ED361AAA6F86}.Ad-Hoc|Any CPU.ActiveCfg = Ad-Hoc|iPhone
		{D9FD7E80-A68B-487E-9BFD-ED361AAA6F86}.Ad-Hoc|Any CPU.Build.0 = Ad-Hoc|iPhone
		{D9FD7E80-A68B-487E-9BFD-ED361AAA6F86}.Ad-Hoc|Any CPU.Deploy.0 = Ad-Hoc|iPhone
		{D9FD7E80-A68B-487E-9BFD-ED361AAA6F86}.Ad-Hoc|ARM.ActiveCfg = Ad-Hoc|iPhone
		{D9FD7E80-A68B-487E-9BFD-ED361AAA6F86}.Ad-Hoc|ARM.Build.0 = Ad-Hoc|iPhone
		{D9FD7E80-A68B-487E-9BFD-ED361AAA6F86}.Ad-Hoc|ARM.Deploy.0 = Ad-Hoc|iPhone
		{D9FD7E80-A68B-487E-9BFD-ED361AAA6F86}.Ad-Hoc|iPhone.ActiveCfg = Ad-Hoc|iPhone
		{D9FD7E80-A68B-487E-9BFD-ED361AAA6F86}.Ad-Hoc|iPhone.Build.0 = Ad-Hoc|iPhone
		{D9FD7E80-A68B-487E-9BFD-ED361AAA6F86}.Ad-Hoc|iPhone.Deploy.0 = Ad-Hoc|iPhone
		{D9FD7E80-A68B-487E-9BFD-ED361AAA6F86}.Ad-Hoc|iPhoneSimulator.ActiveCfg = Ad-Hoc|iPhoneSimulator
		{D9FD7E80-A68B-487E-9BFD-ED361AAA6F86}.Ad-Hoc|iPhoneSimulator.Build.0 = Ad-Hoc|iPhoneSimulator
		{D9FD7E80-A68B-487E-9BFD-ED361AAA6F86}.Ad-Hoc|iPhoneSimulator.Deploy.0 = Ad-Hoc|iPhoneSimulator
		{D9FD7E80-A68B-487E-9BFD-ED361AAA6F86}.Ad-Hoc|x64.ActiveCfg = Ad-Hoc|iPhone
		{D9FD7E80-A68B-487E-9BFD-ED361AAA6F86}.Ad-Hoc|x64.Build.0 = Ad-Hoc|iPhone
		{D9FD7E80-A68B-487E-9BFD-ED361AAA6F86}.Ad-Hoc|x64.Deploy.0 = Ad-Hoc|iPhone
		{D9FD7E80-A68B-487E-9BFD-ED361AAA6F86}.Ad-Hoc|x86.ActiveCfg = Ad-Hoc|iPhone
		{D9FD7E80-A68B-487E-9BFD-ED361AAA6F86}.Ad-Hoc|x86.Build.0 = Ad-Hoc|iPhone
		{D9FD7E80-A68B-487E-9BFD-ED361AAA6F86}.Ad-Hoc|x86.Deploy.0 = Ad-Hoc|iPhone
		{D9FD7E80-A68B-487E-9BFD-ED361AAA6F86}.AppStore|Any CPU.ActiveCfg = AppStore|iPhone
		{D9FD7E80-A68B-487E-9BFD-ED361AAA6F86}.AppStore|Any CPU.Build.0 = AppStore|iPhone
		{D9FD7E80-A68B-487E-9BFD-ED361AAA6F86}.AppStore|Any CPU.Deploy.0 = AppStore|iPhone
		{D9FD7E80-A68B-487E-9BFD-ED361AAA6F86}.AppStore|ARM.ActiveCfg = AppStore|iPhone
		{D9FD7E80-A68B-487E-9BFD-ED361AAA6F86}.AppStore|ARM.Build.0 = AppStore|iPhone
		{D9FD7E80-A68B-487E-9BFD-ED361AAA6F86}.AppStore|ARM.Deploy.0 = AppStore|iPhone
		{D9FD7E80-A68B-487E-9BFD-ED361AAA6F86}.AppStore|iPhone.ActiveCfg = AppStore|iPhone
		{D9FD7E80-A68B-487E-9BFD-ED361AAA6F86}.AppStore|iPhone.Build.0 = AppStore|iPhone
		{D9FD7E80-A68B-487E-9BFD-ED361AAA6F86}.AppStore|iPhone.Deploy.0 = AppStore|iPhone
		{D9FD7E80-A68B-487E-9BFD-ED361AAA6F86}.AppStore|iPhoneSimulator.ActiveCfg = AppStore|iPhoneSimulator
		{D9FD7E80-A68B-487E-9BFD-ED361AAA6F86}.AppStore|iPhoneSimulator.Build.0 = AppStore|iPhoneSimulator
		{D9FD7E80-A68B-487E-9BFD-ED361AAA6F86}.AppStore|iPhoneSimulator.Deploy.0 = AppStore|iPhoneSimulator
		{D9FD7E80-A68B-487E-9BFD-ED361AAA6F86}.AppStore|x64.ActiveCfg = AppStore|iPhone
		{D9FD7E80-A68B-487E-9BFD-ED361AAA6F86}.AppStore|x64.Build.0 = AppStore|iPhone
		{D9FD7E80-A68B-487E-9BFD-ED361AAA6F86}.AppStore|x64.Deploy.0 = AppStore|iPhone
		{D9FD7E80-A68B-487E-9BFD-ED361AAA6F86}.AppStore|x86.ActiveCfg = AppStore|iPhone
		{D9FD7E80-A68B-487E-9BFD-ED361AAA6F86}.AppStore|x86.Build.0 = AppStore|iPhone
		{D9FD7E80-A68B-487E-9BFD-ED361AAA6F86}.AppStore|x86.Deploy.0 = AppStore|iPhone
		{D9FD7E80-A68B-487E-9BFD-ED361AAA6F86}.Debug|Any CPU.ActiveCfg = Debug|iPhoneSimulator
		{D9FD7E80-A68B-487E-9BFD-ED361AAA6F86}.Debug|Any CPU.Build.0 = Debug|iPhoneSimulator
		{D9FD7E80-A68B-487E-9BFD-ED361AAA6F86}.Debug|Any CPU.Deploy.0 = Debug|iPhoneSimulator
		{D9FD7E80-A68B-487E-9BFD-ED361AAA6F86}.Debug|ARM.ActiveCfg = Debug|iPhone
		{D9FD7E80-A68B-487E-9BFD-ED361AAA6F86}.Debug|ARM.Build.0 = Debug|iPhone
		{D9FD7E80-A68B-487E-9BFD-ED361AAA6F86}.Debug|ARM.Deploy.0 = Debug|iPhone
		{D9FD7E80-A68B-487E-9BFD-ED361AAA6F86}.Debug|iPhone.ActiveCfg = Debug|iPhone
		{D9FD7E80-A68B-487E-9BFD-ED361AAA6F86}.Debug|iPhone.Build.0 = Debug|iPhone
		{D9FD7E80-A68B-487E-9BFD-ED361AAA6F86}.Debug|iPhone.Deploy.0 = Debug|iPhone
		{D9FD7E80-A68B-487E-9BFD-ED361AAA6F86}.Debug|iPhoneSimulator.ActiveCfg = Debug|iPhoneSimulator
		{D9FD7E80-A68B-487E-9BFD-ED361AAA6F86}.Debug|iPhoneSimulator.Build.0 = Debug|iPhoneSimulator
		{D9FD7E80-A68B-487E-9BFD-ED361AAA6F86}.Debug|iPhoneSimulator.Deploy.0 = Debug|iPhoneSimulator
		{D9FD7E80-A68B-487E-9BFD-ED361AAA6F86}.Debug|x64.ActiveCfg = Debug|iPhone
		{D9FD7E80-A68B-487E-9BFD-ED361AAA6F86}.Debug|x64.Build.0 = Debug|iPhone
		{D9FD7E80-A68B-487E-9BFD-ED361AAA6F86}.Debug|x64.Deploy.0 = Debug|iPhone
		{D9FD7E80-A68B-487E-9BFD-ED361AAA6F86}.Debug|x86.ActiveCfg = Debug|iPhone
		{D9FD7E80-A68B-487E-9BFD-ED361AAA6F86}.Debug|x86.Build.0 = Debug|iPhone
		{D9FD7E80-A68B-487E-9BFD-ED361AAA6F86}.Debug|x86.Deploy.0 = Debug|iPhone
		{D9FD7E80-A68B-487E-9BFD-ED361AAA6F86}.Release|Any CPU.ActiveCfg = Release|iPhone
		{D9FD7E80-A68B-487E-9BFD-ED361AAA6F86}.Release|Any CPU.Build.0 = Release|iPhone
		{D9FD7E80-A68B-487E-9BFD-ED361AAA6F86}.Release|Any CPU.Deploy.0 = Release|iPhone
		{D9FD7E80-A68B-487E-9BFD-ED361AAA6F86}.Release|ARM.ActiveCfg = Release|iPhone
		{D9FD7E80-A68B-487E-9BFD-ED361AAA6F86}.Release|ARM.Build.0 = Release|iPhone
		{D9FD7E80-A68B-487E-9BFD-ED361AAA6F86}.Release|ARM.Deploy.0 = Release|iPhone
		{D9FD7E80-A68B-487E-9BFD-ED361AAA6F86}.Release|iPhone.ActiveCfg = Release|iPhone
		{D9FD7E80-A68B-487E-9BFD-ED361AAA6F86}.Release|iPhone.Build.0 = Release|iPhone
		{D9FD7E80-A68B-487E-9BFD-ED361AAA6F86}.Release|iPhone.Deploy.0 = Release|iPhone
		{D9FD7E80-A68B-487E-9BFD-ED361AAA6F86}.Release|iPhoneSimulator.ActiveCfg = Release|iPhoneSimulator
		{D9FD7E80-A68B-487E-9BFD-ED361AAA6F86}.Release|iPhoneSimulator.Build.0 = Release|iPhoneSimulator
		{D9FD7E80-A68B-487E-9BFD-ED361AAA6F86}.Release|iPhoneSimulator.Deploy.0 = Release|iPhoneSimulator
		{D9FD7E80-A68B-487E-9BFD-ED361AAA6F86}.Release|x64.ActiveCfg = Release|iPhone
		{D9FD7E80-A68B-487E-9BFD-ED361AAA6F86}.Release|x64.Build.0 = Release|iPhone
		{D9FD7E80-A68B-487E-9BFD-ED361AAA6F86}.Release|x64.Deploy.0 = Release|iPhone
		{D9FD7E80-A68B-487E-9BFD-ED361AAA6F86}.Release|x86.ActiveCfg = Release|iPhone
		{D9FD7E80-A68B-487E-9BFD-ED361AAA6F86}.Release|x86.Build.0 = Release|iPhone
		{D9FD7E80-A68B-487E-9BFD-ED361AAA6F86}.Release|x86.Deploy.0 = Release|iPhone
		{0E37A0A5-2521-4D7E-A22D-E66E08CA0F1D}.Ad-Hoc|Any CPU.ActiveCfg = Release|x86
		{0E37A0A5-2521-4D7E-A22D-E66E08CA0F1D}.Ad-Hoc|Any CPU.Build.0 = Release|x86
		{0E37A0A5-2521-4D7E-A22D-E66E08CA0F1D}.Ad-Hoc|Any CPU.Deploy.0 = Release|x86
		{0E37A0A5-2521-4D7E-A22D-E66E08CA0F1D}.Ad-Hoc|ARM.ActiveCfg = Release|ARM
		{0E37A0A5-2521-4D7E-A22D-E66E08CA0F1D}.Ad-Hoc|ARM.Build.0 = Release|ARM
		{0E37A0A5-2521-4D7E-A22D-E66E08CA0F1D}.Ad-Hoc|ARM.Deploy.0 = Release|ARM
		{0E37A0A5-2521-4D7E-A22D-E66E08CA0F1D}.Ad-Hoc|iPhone.ActiveCfg = Release|x86
		{0E37A0A5-2521-4D7E-A22D-E66E08CA0F1D}.Ad-Hoc|iPhone.Build.0 = Release|x86
		{0E37A0A5-2521-4D7E-A22D-E66E08CA0F1D}.Ad-Hoc|iPhone.Deploy.0 = Release|x86
		{0E37A0A5-2521-4D7E-A22D-E66E08CA0F1D}.Ad-Hoc|iPhoneSimulator.ActiveCfg = Release|x86
		{0E37A0A5-2521-4D7E-A22D-E66E08CA0F1D}.Ad-Hoc|iPhoneSimulator.Build.0 = Release|x86
		{0E37A0A5-2521-4D7E-A22D-E66E08CA0F1D}.Ad-Hoc|iPhoneSimulator.Deploy.0 = Release|x86
		{0E37A0A5-2521-4D7E-A22D-E66E08CA0F1D}.Ad-Hoc|x64.ActiveCfg = Release|x64
		{0E37A0A5-2521-4D7E-A22D-E66E08CA0F1D}.Ad-Hoc|x64.Build.0 = Release|x64
		{0E37A0A5-2521-4D7E-A22D-E66E08CA0F1D}.Ad-Hoc|x64.Deploy.0 = Release|x64
		{0E37A0A5-2521-4D7E-A22D-E66E08CA0F1D}.Ad-Hoc|x86.ActiveCfg = Release|x86
		{0E37A0A5-2521-4D7E-A22D-E66E08CA0F1D}.Ad-Hoc|x86.Build.0 = Release|x86
		{0E37A0A5-2521-4D7E-A22D-E66E08CA0F1D}.Ad-Hoc|x86.Deploy.0 = Release|x86
		{0E37A0A5-2521-4D7E-A22D-E66E08CA0F1D}.AppStore|Any CPU.ActiveCfg = Release|x86
		{0E37A0A5-2521-4D7E-A22D-E66E08CA0F1D}.AppStore|Any CPU.Build.0 = Release|x86
		{0E37A0A5-2521-4D7E-A22D-E66E08CA0F1D}.AppStore|Any CPU.Deploy.0 = Release|x86
		{0E37A0A5-2521-4D7E-A22D-E66E08CA0F1D}.AppStore|ARM.ActiveCfg = Release|ARM
		{0E37A0A5-2521-4D7E-A22D-E66E08CA0F1D}.AppStore|ARM.Build.0 = Release|ARM
		{0E37A0A5-2521-4D7E-A22D-E66E08CA0F1D}.AppStore|ARM.Deploy.0 = Release|ARM
		{0E37A0A5-2521-4D7E-A22D-E66E08CA0F1D}.AppStore|iPhone.ActiveCfg = Release|x86
		{0E37A0A5-2521-4D7E-A22D-E66E08CA0F1D}.AppStore|iPhone.Build.0 = Release|x86
		{0E37A0A5-2521-4D7E-A22D-E66E08CA0F1D}.AppStore|iPhone.Deploy.0 = Release|x86
		{0E37A0A5-2521-4D7E-A22D-E66E08CA0F1D}.AppStore|iPhoneSimulator.ActiveCfg = Release|x86
		{0E37A0A5-2521-4D7E-A22D-E66E08CA0F1D}.AppStore|iPhoneSimulator.Build.0 = Release|x86
		{0E37A0A5-2521-4D7E-A22D-E66E08CA0F1D}.AppStore|iPhoneSimulator.Deploy.0 = Release|x86
		{0E37A0A5-2521-4D7E-A22D-E66E08CA0F1D}.AppStore|x64.ActiveCfg = Release|x64
		{0E37A0A5-2521-4D7E-A22D-E66E08CA0F1D}.AppStore|x64.Build.0 = Release|x64
		{0E37A0A5-2521-4D7E-A22D-E66E08CA0F1D}.AppStore|x64.Deploy.0 = Release|x64
		{0E37A0A5-2521-4D7E-A22D-E66E08CA0F1D}.AppStore|x86.ActiveCfg = Release|x86
		{0E37A0A5-2521-4D7E-A22D-E66E08CA0F1D}.AppStore|x86.Build.0 = Release|x86
		{0E37A0A5-2521-4D7E-A22D-E66E08CA0F1D}.AppStore|x86.Deploy.0 = Release|x86
		{0E37A0A5-2521-4D7E-A22D-E66E08CA0F1D}.Debug|Any CPU.ActiveCfg = Debug|x86
		{0E37A0A5-2521-4D7E-A22D-E66E08CA0F1D}.Debug|Any CPU.Build.0 = Debug|x86
		{0E37A0A5-2521-4D7E-A22D-E66E08CA0F1D}.Debug|Any CPU.Deploy.0 = Debug|x86
		{0E37A0A5-2521-4D7E-A22D-E66E08CA0F1D}.Debug|ARM.ActiveCfg = Debug|ARM
		{0E37A0A5-2521-4D7E-A22D-E66E08CA0F1D}.Debug|ARM.Build.0 = Debug|ARM
		{0E37A0A5-2521-4D7E-A22D-E66E08CA0F1D}.Debug|ARM.Deploy.0 = Debug|ARM
		{0E37A0A5-2521-4D7E-A22D-E66E08CA0F1D}.Debug|iPhone.ActiveCfg = Debug|x86
		{0E37A0A5-2521-4D7E-A22D-E66E08CA0F1D}.Debug|iPhone.Build.0 = Debug|x86
		{0E37A0A5-2521-4D7E-A22D-E66E08CA0F1D}.Debug|iPhone.Deploy.0 = Debug|x86
		{0E37A0A5-2521-4D7E-A22D-E66E08CA0F1D}.Debug|iPhoneSimulator.ActiveCfg = Debug|x86
		{0E37A0A5-2521-4D7E-A22D-E66E08CA0F1D}.Debug|iPhoneSimulator.Build.0 = Debug|x86
		{0E37A0A5-2521-4D7E-A22D-E66E08CA0F1D}.Debug|iPhoneSimulator.Deploy.0 = Debug|x86
		{0E37A0A5-2521-4D7E-A22D-E66E08CA0F1D}.Debug|x64.ActiveCfg = Debug|x64
		{0E37A0A5-2521-4D7E-A22D-E66E08CA0F1D}.Debug|x64.Build.0 = Debug|x64
		{0E37A0A5-2521-4D7E-A22D-E66E08CA0F1D}.Debug|x64.Deploy.0 = Debug|x64
		{0E37A0A5-2521-4D7E-A22D-E66E08CA0F1D}.Debug|x86.ActiveCfg = Debug|x86
		{0E37A0A5-2521-4D7E-A22D-E66E08CA0F1D}.Debug|x86.Build.0 = Debug|x86
		{0E37A0A5-2521-4D7E-A22D-E66E08CA0F1D}.Debug|x86.Deploy.0 = Debug|x86
		{0E37A0A5-2521-4D7E-A22D-E66E08CA0F1D}.Release|Any CPU.ActiveCfg = Release|x86
		{0E37A0A5-2521-4D7E-A22D-E66E08CA0F1D}.Release|Any CPU.Build.0 = Release|x86
		{0E37A0A5-2521-4D7E-A22D-E66E08CA0F1D}.Release|Any CPU.Deploy.0 = Release|x86
		{0E37A0A5-2521-4D7E-A22D-E66E08CA0F1D}.Release|ARM.ActiveCfg = Release|ARM
		{0E37A0A5-2521-4D7E-A22D-E66E08CA0F1D}.Release|ARM.Build.0 = Release|ARM
		{0E37A0A5-2521-4D7E-A22D-E66E08CA0F1D}.Release|ARM.Deploy.0 = Release|ARM
		{0E37A0A5-2521-4D7E-A22D-E66E08CA0F1D}.Release|iPhone.ActiveCfg = Release|x86
		{0E37A0A5-2521-4D7E-A22D-E66E08CA0F1D}.Release|iPhone.Build.0 = Release|x86
		{0E37A0A5-2521-4D7E-A22D-E66E08CA0F1D}.Release|iPhone.Deploy.0 = Release|x86
		{0E37A0A5-2521-4D7E-A22D-E66E08CA0F1D}.Release|iPhoneSimulator.ActiveCfg = Release|x86
		{0E37A0A5-2521-4D7E-A22D-E66E08CA0F1D}.Release|iPhoneSimulator.Build.0 = Release|x86
		{0E37A0A5-2521-4D7E-A22D-E66E08CA0F1D}.Release|iPhoneSimulator.Deploy.0 = Release|x86
		{0E37A0A5-2521-4D7E-A22D-E66E08CA0F1D}.Release|x64.ActiveCfg = Release|x64
		{0E37A0A5-2521-4D7E-A22D-E66E08CA0F1D}.Release|x64.Build.0 = Release|x64
		{0E37A0A5-2521-4D7E-A22D-E66E08CA0F1D}.Release|x64.Deploy.0 = Release|x64
		{0E37A0A5-2521-4D7E-A22D-E66E08CA0F1D}.Release|x86.ActiveCfg = Release|x86
		{0E37A0A5-2521-4D7E-A22D-E66E08CA0F1D}.Release|x86.Build.0 = Release|x86
		{0E37A0A5-2521-4D7E-A22D-E66E08CA0F1D}.Release|x86.Deploy.0 = Release|x86
		{5CC76A0E-90CF-4F0E-A0F2-A99C294E4F3A}.Ad-Hoc|Any CPU.ActiveCfg = Debug|Any CPU
		{5CC76A0E-90CF-4F0E-A0F2-A99C294E4F3A}.Ad-Hoc|Any CPU.Build.0 = Debug|Any CPU
		{5CC76A0E-90CF-4F0E-A0F2-A99C294E4F3A}.Ad-Hoc|Any CPU.Deploy.0 = Debug|Any CPU
		{5CC76A0E-90CF-4F0E-A0F2-A99C294E4F3A}.Ad-Hoc|ARM.ActiveCfg = Debug|Any CPU
		{5CC76A0E-90CF-4F0E-A0F2-A99C294E4F3A}.Ad-Hoc|ARM.Build.0 = Debug|Any CPU
		{5CC76A0E-90CF-4F0E-A0F2-A99C294E4F3A}.Ad-Hoc|ARM.Deploy.0 = Debug|Any CPU
		{5CC76A0E-90CF-4F0E-A0F2-A99C294E4F3A}.Ad-Hoc|iPhone.ActiveCfg = Debug|Any CPU
		{5CC76A0E-90CF-4F0E-A0F2-A99C294E4F3A}.Ad-Hoc|iPhone.Build.0 = Debug|Any CPU
		{5CC76A0E-90CF-4F0E-A0F2-A99C294E4F3A}.Ad-Hoc|iPhone.Deploy.0 = Debug|Any CPU
		{5CC76A0E-90CF-4F0E-A0F2-A99C294E4F3A}.Ad-Hoc|iPhoneSimulator.ActiveCfg = Debug|Any CPU
		{5CC76A0E-90CF-4F0E-A0F2-A99C294E4F3A}.Ad-Hoc|iPhoneSimulator.Build.0 = Debug|Any CPU
		{5CC76A0E-90CF-4F0E-A0F2-A99C294E4F3A}.Ad-Hoc|iPhoneSimulator.Deploy.0 = Debug|Any CPU
		{5CC76A0E-90CF-4F0E-A0F2-A99C294E4F3A}.Ad-Hoc|x64.ActiveCfg = Debug|Any CPU
		{5CC76A0E-90CF-4F0E-A0F2-A99C294E4F3A}.Ad-Hoc|x64.Build.0 = Debug|Any CPU
		{5CC76A0E-90CF-4F0E-A0F2-A99C294E4F3A}.Ad-Hoc|x64.Deploy.0 = Debug|Any CPU
		{5CC76A0E-90CF-4F0E-A0F2-A99C294E4F3A}.Ad-Hoc|x86.ActiveCfg = Debug|Any CPU
		{5CC76A0E-90CF-4F0E-A0F2-A99C294E4F3A}.Ad-Hoc|x86.Build.0 = Debug|Any CPU
		{5CC76A0E-90CF-4F0E-A0F2-A99C294E4F3A}.Ad-Hoc|x86.Deploy.0 = Debug|Any CPU
		{5CC76A0E-90CF-4F0E-A0F2-A99C294E4F3A}.AppStore|Any CPU.ActiveCfg = Debug|Any CPU
		{5CC76A0E-90CF-4F0E-A0F2-A99C294E4F3A}.AppStore|Any CPU.Build.0 = Debug|Any CPU
		{5CC76A0E-90CF-4F0E-A0F2-A99C294E4F3A}.AppStore|Any CPU.Deploy.0 = Debug|Any CPU
		{5CC76A0E-90CF-4F0E-A0F2-A99C294E4F3A}.AppStore|ARM.ActiveCfg = Debug|Any CPU
		{5CC76A0E-90CF-4F0E-A0F2-A99C294E4F3A}.AppStore|ARM.Build.0 = Debug|Any CPU
		{5CC76A0E-90CF-4F0E-A0F2-A99C294E4F3A}.AppStore|ARM.Deploy.0 = Debug|Any CPU
		{5CC76A0E-90CF-4F0E-A0F2-A99C294E4F3A}.AppStore|iPhone.ActiveCfg = Debug|Any CPU
		{5CC76A0E-90CF-4F0E-A0F2-A99C294E4F3A}.AppStore|iPhone.Build.0 = Debug|Any CPU
		{5CC76A0E-90CF-4F0E-A0F2-A99C294E4F3A}.AppStore|iPhone.Deploy.0 = Debug|Any CPU
		{5CC76A0E-90CF-4F0E-A0F2-A99C294E4F3A}.AppStore|iPhoneSimulator.ActiveCfg = Debug|Any CPU
		{5CC76A0E-90CF-4F0E-A0F2-A99C294E4F3A}.AppStore|iPhoneSimulator.Build.0 = Debug|Any CPU
		{5CC76A0E-90CF-4F0E-A0F2-A99C294E4F3A}.AppStore|iPhoneSimulator.Deploy.0 = Debug|Any CPU
		{5CC76A0E-90CF-4F0E-A0F2-A99C294E4F3A}.AppStore|x64.ActiveCfg = Debug|Any CPU
		{5CC76A0E-90CF-4F0E-A0F2-A99C294E4F3A}.AppStore|x64.Build.0 = Debug|Any CPU
		{5CC76A0E-90CF-4F0E-A0F2-A99C294E4F3A}.AppStore|x64.Deploy.0 = Debug|Any CPU
		{5CC76A0E-90CF-4F0E-A0F2-A99C294E4F3A}.AppStore|x86.ActiveCfg = Debug|Any CPU
		{5CC76A0E-90CF-4F0E-A0F2-A99C294E4F3A}.AppStore|x86.Build.0 = Debug|Any CPU
		{5CC76A0E-90CF-4F0E-A0F2-A99C294E4F3A}.AppStore|x86.Deploy.0 = Debug|Any CPU
		{5CC76A0E-90CF-4F0E-A0F2-A99C294E4F3A}.Debug|Any CPU.ActiveCfg = Debug|Any CPU
		{5CC76A0E-90CF-4F0E-A0F2-A99C294E4F3A}.Debug|Any CPU.Build.0 = Debug|Any CPU
		{5CC76A0E-90CF-4F0E-A0F2-A99C294E4F3A}.Debug|Any CPU.Deploy.0 = Debug|Any CPU
		{5CC76A0E-90CF-4F0E-A0F2-A99C294E4F3A}.Debug|ARM.ActiveCfg = Debug|Any CPU
		{5CC76A0E-90CF-4F0E-A0F2-A99C294E4F3A}.Debug|ARM.Build.0 = Debug|Any CPU
		{5CC76A0E-90CF-4F0E-A0F2-A99C294E4F3A}.Debug|ARM.Deploy.0 = Debug|Any CPU
		{5CC76A0E-90CF-4F0E-A0F2-A99C294E4F3A}.Debug|iPhone.ActiveCfg = Debug|Any CPU
		{5CC76A0E-90CF-4F0E-A0F2-A99C294E4F3A}.Debug|iPhone.Build.0 = Debug|Any CPU
		{5CC76A0E-90CF-4F0E-A0F2-A99C294E4F3A}.Debug|iPhone.Deploy.0 = Debug|Any CPU
		{5CC76A0E-90CF-4F0E-A0F2-A99C294E4F3A}.Debug|iPhoneSimulator.ActiveCfg = Debug|Any CPU
		{5CC76A0E-90CF-4F0E-A0F2-A99C294E4F3A}.Debug|iPhoneSimulator.Build.0 = Debug|Any CPU
		{5CC76A0E-90CF-4F0E-A0F2-A99C294E4F3A}.Debug|iPhoneSimulator.Deploy.0 = Debug|Any CPU
		{5CC76A0E-90CF-4F0E-A0F2-A99C294E4F3A}.Debug|x64.ActiveCfg = Debug|Any CPU
		{5CC76A0E-90CF-4F0E-A0F2-A99C294E4F3A}.Debug|x64.Build.0 = Debug|Any CPU
		{5CC76A0E-90CF-4F0E-A0F2-A99C294E4F3A}.Debug|x64.Deploy.0 = Debug|Any CPU
		{5CC76A0E-90CF-4F0E-A0F2-A99C294E4F3A}.Debug|x86.ActiveCfg = Debug|Any CPU
		{5CC76A0E-90CF-4F0E-A0F2-A99C294E4F3A}.Debug|x86.Build.0 = Debug|Any CPU
		{5CC76A0E-90CF-4F0E-A0F2-A99C294E4F3A}.Debug|x86.Deploy.0 = Debug|Any CPU
		{5CC76A0E-90CF-4F0E-A0F2-A99C294E4F3A}.Release|Any CPU.ActiveCfg = Release|Any CPU
		{5CC76A0E-90CF-4F0E-A0F2-A99C294E4F3A}.Release|Any CPU.Build.0 = Release|Any CPU
		{5CC76A0E-90CF-4F0E-A0F2-A99C294E4F3A}.Release|Any CPU.Deploy.0 = Release|Any CPU
		{5CC76A0E-90CF-4F0E-A0F2-A99C294E4F3A}.Release|ARM.ActiveCfg = Release|Any CPU
		{5CC76A0E-90CF-4F0E-A0F2-A99C294E4F3A}.Release|ARM.Build.0 = Release|Any CPU
		{5CC76A0E-90CF-4F0E-A0F2-A99C294E4F3A}.Release|ARM.Deploy.0 = Release|Any CPU
		{5CC76A0E-90CF-4F0E-A0F2-A99C294E4F3A}.Release|iPhone.ActiveCfg = Release|Any CPU
		{5CC76A0E-90CF-4F0E-A0F2-A99C294E4F3A}.Release|iPhone.Build.0 = Release|Any CPU
		{5CC76A0E-90CF-4F0E-A0F2-A99C294E4F3A}.Release|iPhone.Deploy.0 = Release|Any CPU
		{5CC76A0E-90CF-4F0E-A0F2-A99C294E4F3A}.Release|iPhoneSimulator.ActiveCfg = Release|Any CPU
		{5CC76A0E-90CF-4F0E-A0F2-A99C294E4F3A}.Release|iPhoneSimulator.Build.0 = Release|Any CPU
		{5CC76A0E-90CF-4F0E-A0F2-A99C294E4F3A}.Release|iPhoneSimulator.Deploy.0 = Release|Any CPU
		{5CC76A0E-90CF-4F0E-A0F2-A99C294E4F3A}.Release|x64.ActiveCfg = Release|Any CPU
		{5CC76A0E-90CF-4F0E-A0F2-A99C294E4F3A}.Release|x64.Build.0 = Release|Any CPU
		{5CC76A0E-90CF-4F0E-A0F2-A99C294E4F3A}.Release|x64.Deploy.0 = Release|Any CPU
		{5CC76A0E-90CF-4F0E-A0F2-A99C294E4F3A}.Release|x86.ActiveCfg = Release|Any CPU
		{5CC76A0E-90CF-4F0E-A0F2-A99C294E4F3A}.Release|x86.Build.0 = Release|Any CPU
		{5CC76A0E-90CF-4F0E-A0F2-A99C294E4F3A}.Release|x86.Deploy.0 = Release|Any CPU
		{4DA8FFAE-F15F-4570-A5C7-7DC9CE48539D}.Ad-Hoc|Any CPU.ActiveCfg = Release|Any CPU
		{4DA8FFAE-F15F-4570-A5C7-7DC9CE48539D}.Ad-Hoc|Any CPU.Build.0 = Release|Any CPU
		{4DA8FFAE-F15F-4570-A5C7-7DC9CE48539D}.Ad-Hoc|ARM.ActiveCfg = Release|Any CPU
		{4DA8FFAE-F15F-4570-A5C7-7DC9CE48539D}.Ad-Hoc|ARM.Build.0 = Release|Any CPU
		{4DA8FFAE-F15F-4570-A5C7-7DC9CE48539D}.Ad-Hoc|iPhone.ActiveCfg = Release|Any CPU
		{4DA8FFAE-F15F-4570-A5C7-7DC9CE48539D}.Ad-Hoc|iPhone.Build.0 = Release|Any CPU
		{4DA8FFAE-F15F-4570-A5C7-7DC9CE48539D}.Ad-Hoc|iPhoneSimulator.ActiveCfg = Release|Any CPU
		{4DA8FFAE-F15F-4570-A5C7-7DC9CE48539D}.Ad-Hoc|iPhoneSimulator.Build.0 = Release|Any CPU
		{4DA8FFAE-F15F-4570-A5C7-7DC9CE48539D}.Ad-Hoc|x64.ActiveCfg = Release|Any CPU
		{4DA8FFAE-F15F-4570-A5C7-7DC9CE48539D}.Ad-Hoc|x64.Build.0 = Release|Any CPU
		{4DA8FFAE-F15F-4570-A5C7-7DC9CE48539D}.Ad-Hoc|x86.ActiveCfg = Release|Any CPU
		{4DA8FFAE-F15F-4570-A5C7-7DC9CE48539D}.Ad-Hoc|x86.Build.0 = Release|Any CPU
		{4DA8FFAE-F15F-4570-A5C7-7DC9CE48539D}.AppStore|Any CPU.ActiveCfg = Release|Any CPU
		{4DA8FFAE-F15F-4570-A5C7-7DC9CE48539D}.AppStore|Any CPU.Build.0 = Release|Any CPU
		{4DA8FFAE-F15F-4570-A5C7-7DC9CE48539D}.AppStore|ARM.ActiveCfg = Release|Any CPU
		{4DA8FFAE-F15F-4570-A5C7-7DC9CE48539D}.AppStore|ARM.Build.0 = Release|Any CPU
		{4DA8FFAE-F15F-4570-A5C7-7DC9CE48539D}.AppStore|iPhone.ActiveCfg = Release|Any CPU
		{4DA8FFAE-F15F-4570-A5C7-7DC9CE48539D}.AppStore|iPhone.Build.0 = Release|Any CPU
		{4DA8FFAE-F15F-4570-A5C7-7DC9CE48539D}.AppStore|iPhoneSimulator.ActiveCfg = Release|Any CPU
		{4DA8FFAE-F15F-4570-A5C7-7DC9CE48539D}.AppStore|iPhoneSimulator.Build.0 = Release|Any CPU
		{4DA8FFAE-F15F-4570-A5C7-7DC9CE48539D}.AppStore|x64.ActiveCfg = Release|Any CPU
		{4DA8FFAE-F15F-4570-A5C7-7DC9CE48539D}.AppStore|x64.Build.0 = Release|Any CPU
		{4DA8FFAE-F15F-4570-A5C7-7DC9CE48539D}.AppStore|x86.ActiveCfg = Release|Any CPU
		{4DA8FFAE-F15F-4570-A5C7-7DC9CE48539D}.AppStore|x86.Build.0 = Release|Any CPU
		{4DA8FFAE-F15F-4570-A5C7-7DC9CE48539D}.Debug|Any CPU.ActiveCfg = Debug|Any CPU
		{4DA8FFAE-F15F-4570-A5C7-7DC9CE48539D}.Debug|Any CPU.Build.0 = Debug|Any CPU
		{4DA8FFAE-F15F-4570-A5C7-7DC9CE48539D}.Debug|ARM.ActiveCfg = Debug|Any CPU
		{4DA8FFAE-F15F-4570-A5C7-7DC9CE48539D}.Debug|ARM.Build.0 = Debug|Any CPU
		{4DA8FFAE-F15F-4570-A5C7-7DC9CE48539D}.Debug|iPhone.ActiveCfg = Debug|Any CPU
		{4DA8FFAE-F15F-4570-A5C7-7DC9CE48539D}.Debug|iPhone.Build.0 = Debug|Any CPU
		{4DA8FFAE-F15F-4570-A5C7-7DC9CE48539D}.Debug|iPhoneSimulator.ActiveCfg = Debug|Any CPU
		{4DA8FFAE-F15F-4570-A5C7-7DC9CE48539D}.Debug|iPhoneSimulator.Build.0 = Debug|Any CPU
		{4DA8FFAE-F15F-4570-A5C7-7DC9CE48539D}.Debug|x64.ActiveCfg = Debug|Any CPU
		{4DA8FFAE-F15F-4570-A5C7-7DC9CE48539D}.Debug|x64.Build.0 = Debug|Any CPU
		{4DA8FFAE-F15F-4570-A5C7-7DC9CE48539D}.Debug|x86.ActiveCfg = Debug|Any CPU
		{4DA8FFAE-F15F-4570-A5C7-7DC9CE48539D}.Debug|x86.Build.0 = Debug|Any CPU
		{4DA8FFAE-F15F-4570-A5C7-7DC9CE48539D}.Release|Any CPU.ActiveCfg = Release|Any CPU
		{4DA8FFAE-F15F-4570-A5C7-7DC9CE48539D}.Release|Any CPU.Build.0 = Release|Any CPU
		{4DA8FFAE-F15F-4570-A5C7-7DC9CE48539D}.Release|ARM.ActiveCfg = Release|Any CPU
		{4DA8FFAE-F15F-4570-A5C7-7DC9CE48539D}.Release|ARM.Build.0 = Release|Any CPU
		{4DA8FFAE-F15F-4570-A5C7-7DC9CE48539D}.Release|iPhone.ActiveCfg = Release|Any CPU
		{4DA8FFAE-F15F-4570-A5C7-7DC9CE48539D}.Release|iPhone.Build.0 = Release|Any CPU
		{4DA8FFAE-F15F-4570-A5C7-7DC9CE48539D}.Release|iPhoneSimulator.ActiveCfg = Release|Any CPU
		{4DA8FFAE-F15F-4570-A5C7-7DC9CE48539D}.Release|iPhoneSimulator.Build.0 = Release|Any CPU
		{4DA8FFAE-F15F-4570-A5C7-7DC9CE48539D}.Release|x64.ActiveCfg = Release|Any CPU
		{4DA8FFAE-F15F-4570-A5C7-7DC9CE48539D}.Release|x64.Build.0 = Release|Any CPU
		{4DA8FFAE-F15F-4570-A5C7-7DC9CE48539D}.Release|x86.ActiveCfg = Release|Any CPU
		{4DA8FFAE-F15F-4570-A5C7-7DC9CE48539D}.Release|x86.Build.0 = Release|Any CPU
	EndGlobalSection
	GlobalSection(SolutionProperties) = preSolution
		HideSolutionNode = FALSE
	EndGlobalSection
	GlobalSection(NestedProjects) = preSolution
		{4DA8FFAE-F15F-4570-A5C7-7DC9CE48539D} = {D0090CD1-BB53-4CD4-AC96-73A43D760ACF}
	EndGlobalSection
	GlobalSection(ExtensibilityGlobals) = postSolution
		SolutionGuid = {F497DDBC-8997-482C-9702-D42BA4B52654}
	EndGlobalSection
EndGlobal
